github.com/zoobzio/capitan v0.0.9 h1:4g5qAO4wo8VS7hjyc1rSSyzL1ibSbG7XDh14YyG3x30=
github.com/zoobzio/capitan v0.0.9/go.mod h1:/OwNDIB1CHxwSzsF4e48B2+2e/IMIvTb0ZMgVeNyYig=
github.com/zoobzio/clockz v0.0.2 h1:72E53zhvh8EyxDPEy41CZOYSpSlmt8S+QNdFMVPA1xQ=
github.com/zoobzio/clockz v0.0.2/go.mod h1:noq8vP/zaqBtSlAQ8Yp9im3afEhFZxYLmxZX53ZilLc=
github.com/zoobzio/pipz v0.0.19 h1:9ZWDgrIG9CE9BYlNIZXpUzcya5P2Nm1My6VJXhKX2vU=
github.com/zoobzio/pipz v0.0.19/go.mod h1:Al3a+hx9RoP+DkvKpRQZ7gDZyN/2vfxsXh3gMjBnQXk=
